Microsoft Visual Studio Solution File, Format Version 12.00
# Visual Studio Version 17
VisualStudioVersion = 17.5.2.0
MinimumVisualStudioVersion = 10.0.40219.1
Project("{FAE04EC0-301F-11D3-BF4B-00C04F79EFBC}") = "dotnet-crud-app", "dotnet-crud-app.csproj", "{F55DB156-6950-20D3-9D59-97C978984204}"
EndProject
Global
	GlobalSection(SolutionConfigurationPlatforms) = preSolution
		Debug|Any CPU = Debug|Any CPU
		Release|Any CPU = Release|Any CPU
	EndGlobalSection
	GlobalSection(ProjectConfigurationPlatforms) = postSolution
		{F55DB156-6950-20D3-9D59-97C978984204}.Debug|Any CPU.ActiveCfg = Debug|Any CPU
		{F55DB156-6950-20D3-9D59-97C978984204}.Debug|Any CPU.Build.0 = Debug|Any CPU
		{F55DB156-6950-20D3-9D59-97C978984204}.Release|Any CPU.ActiveCfg = Release|Any CPU
		{F55DB156-6950-20D3-9D59-97C978984204}.Release|Any CPU.Build.0 = Release|Any CPU
	EndGlobalSection
	GlobalSection(SolutionProperties) = preSolution
		HideSolutionNode = FALSE
	EndGlobalSection
	GlobalSection(ExtensibilityGlobals) = postSolution
		SolutionGuid = {8EF34A08-8C75-43D5-8535-360F19505FB0}
	EndGlobalSection
EndGlobal
